
Microsoft Visual Studio Solution File, Format Version 12.00
# Visual Studio 15
Project("{FAE04EC0-301F-11D3-BF4B-00C04F79EFBC}") = "HelloWorld.Android", "HelloWorld.Android\HelloWorld.Android.csproj", "{FA2A6C4B-0EBF-48C5-9C21-DBB4842637F4}"
EndProject
Project("{FAE04EC0-301F-11D3-BF4B-00C04F79EFBC}") = "HelloWorld.iOS", "HelloWorld.iOS\HelloWorld.iOS.csproj", "{BFCD4C2A-D1A4-4AE0-9A05-C2EA3E6F1EF1}"
EndProject
Project("{FAE04EC0-301F-11D3-BF4B-00C04F79EFBC}") = "HelloWorld", "HelloWorld\HelloWorld.csproj", "{40871925-8B43-4DFA-AF71-FF5A648213B3}"
EndProject
Global
	GlobalSection(SolutionConfigurationPlatforms) = preSolution
		Debug|Any CPU = Debug|Any CPU
		Release|Any CPU = Release|Any CPU
		Debug|iPhoneSimulator = Debug|iPhoneSimulator
		Release|iPhoneSimulator = Release|iPhoneSimulator
		Debug|iPhone = Debug|iPhone
		Release|iPhone = Release|iPhone
	EndGlobalSection
	GlobalSection(ProjectConfigurationPlatforms) = postSolution
		{FA2A6C4B-0EBF-48C5-9C21-DBB4842637F4}.Debug|Any CPU.ActiveCfg = Debug|Any CPU
		{FA2A6C4B-0EBF-48C5-9C21-DBB4842637F4}.Debug|Any CPU.Build.0 = Debug|Any CPU
		{FA2A6C4B-0EBF-48C5-9C21-DBB4842637F4}.Release|Any CPU.ActiveCfg = Release|Any CPU
		{FA2A6C4B-0EBF-48C5-9C21-DBB4842637F4}.Release|Any CPU.Build.0 = Release|Any CPU
		{FA2A6C4B-0EBF-48C5-9C21-DBB4842637F4}.Debug|iPhoneSimulator.ActiveCfg = Debug|Any CPU
		{FA2A6C4B-0EBF-48C5-9C21-DBB4842637F4}.Debug|iPhoneSimulator.Build.0 = Debug|Any CPU
		{FA2A6C4B-0EBF-48C5-9C21-DBB4842637F4}.Release|iPhoneSimulator.ActiveCfg = Release|Any CPU
		{FA2A6C4B-0EBF-48C5-9C21-DBB4842637F4}.Release|iPhoneSimulator.Build.0 = Release|Any CPU
		{FA2A6C4B-0EBF-48C5-9C21-DBB4842637F4}.Debug|iPhone.ActiveCfg = Debug|Any CPU
		{FA2A6C4B-0EBF-48C5-9C21-DBB4842637F4}.Debug|iPhone.Build.0 = Debug|Any CPU
		{FA2A6C4B-0EBF-48C5-9C21-DBB4842637F4}.Release|iPhone.ActiveCfg = Release|Any CPU
		{FA2A6C4B-0EBF-48C5-9C21-DBB4842637F4}.Release|iPhone.Build.0 = Release|Any CPU
		{BFCD4C2A-D1A4-4AE0-9A05-C2EA3E6F1EF1}.Debug|Any CPU.ActiveCfg = Debug|iPhoneSimulator
		{BFCD4C2A-D1A4-4AE0-9A05-C2EA3E6F1EF1}.Debug|Any CPU.Build.0 = Debug|iPhoneSimulator
		{BFCD4C2A-D1A4-4AE0-9A05-C2EA3E6F1EF1}.Release|Any CPU.ActiveCfg = Release|iPhoneSimulator
		{BFCD4C2A-D1A4-4AE0-9A05-C2EA3E6F1EF1}.Release|Any CPU.Build.0 = Release|iPhoneSimulator
		{BFCD4C2A-D1A4-4AE0-9A05-C2EA3E6F1EF1}.Debug|iPhoneSimulator.ActiveCfg = Debug|iPhoneSimulator
		{BFCD4C2A-D1A4-4AE0-9A05-C2EA3E6F1EF1}.Debug|iPhoneSimulator.Build.0 = Debug|iPhoneSimulator
		{BFCD4C2A-D1A4-4AE0-9A05-C2EA3E6F1EF1}.Release|iPhoneSimulator.ActiveCfg = Release|iPhoneSimulator
		{BFCD4C2A-D1A4-4AE0-9A05-C2EA3E6F1EF1}.Release|iPhoneSimulator.Build.0 = Release|iPhoneSimulator
		{BFCD4C2A-D1A4-4AE0-9A05-C2EA3E6F1EF1}.Debug|iPhone.ActiveCfg = Debug|iPhone
		{BFCD4C2A-D1A4-4AE0-9A05-C2EA3E6F1EF1}.Debug|iPhone.Build.0 = Debug|iPhone
		{BFCD4C2A-D1A4-4AE0-9A05-C2EA3E6F1EF1}.Release|iPhone.ActiveCfg = Release|iPhone
		{BFCD4C2A-D1A4-4AE0-9A05-C2EA3E6F1EF1}.Release|iPhone.Build.0 = Release|iPhone
		{40871925-8B43-4DFA-AF71-FF5A648213B3}.Debug|Any CPU.ActiveCfg = Debug|Any CPU
		{40871925-8B43-4DFA-AF71-FF5A648213B3}.Debug|Any CPU.Build.0 = Debug|Any CPU
		{40871925-8B43-4DFA-AF71-FF5A648213B3}.Release|Any CPU.ActiveCfg = Release|Any CPU
		{40871925-8B43-4DFA-AF71-FF5A648213B3}.Release|Any CPU.Build.0 = Release|Any CPU
		{40871925-8B43-4DFA-AF71-FF5A648213B3}.Debug|iPhoneSimulator.ActiveCfg = Debug|Any CPU
		{40871925-8B43-4DFA-AF71-FF5A648213B3}.Debug|iPhoneSimulator.Build.0 = Debug|Any CPU
		{40871925-8B43-4DFA-AF71-FF5A648213B3}.Release|iPhoneSimulator.ActiveCfg = Release|Any CPU
		{40871925-8B43-4DFA-AF71-FF5A648213B3}.Release|iPhoneSimulator.Build.0 = Release|Any CPU
		{40871925-8B43-4DFA-AF71-FF5A648213B3}.Debug|iPhone.ActiveCfg = Debug|Any CPU
		{40871925-8B43-4DFA-AF71-FF5A648213B3}.Debug|iPhone.Build.0 = Debug|Any CPU
		{40871925-8B43-4DFA-AF71-FF5A648213B3}.Release|iPhone.ActiveCfg = Release|Any CPU
		{40871925-8B43-4DFA-AF71-FF5A648213B3}.Release|iPhone.Build.0 = Release|Any CPU
	EndGlobalSection
EndGlobal
